// !$*UTF8*$!
{
	archiveVersion = 1;
	classes = {
	};
	objectVersion = 48;
	objects = {

/* Begin PBXBuildFile section */
		4CA69BD220AE9CE10034A710 /* AppDelegate.m in Sources */ = {isa = PBXBuildFile; fileRef = 4CA69BD120AE9CE10034A710 /* AppDelegate.m */; };
		4CA69BD520AE9CE10034A710 /* ViewController.m in Sources */ = {isa = PBXBuildFile; fileRef = 4CA69BD420AE9CE10034A710 /* ViewController.m */; };
		4CA69BD820AE9CE10034A710 /* Main.storyboard in Resources */ = {isa = PBXBuildFile; fileRef = 4CA69BD620AE9CE10034A710 /* Main.storyboard */; };
		4CA69BDA20AE9CE10034A710 /* Assets.xcassets in Resources */ = {isa = PBXBuildFile; fileRef = 4CA69BD920AE9CE10034A710 /* Assets.xcassets */; };
		4CA69BDD20AE9CE10034A710 /* LaunchScreen.storyboard in Resources */ = {isa = PBXBuildFile; fileRef = 4CA69BDB20AE9CE10034A710 /* LaunchScreen.storyboard */; };
		4CA69BE020AE9CE10034A710 /* main.m in Sources */ = {isa = PBXBuildFile; fileRef = 4CA69BDF20AE9CE10034A710 /* main.m */; };
		4CA69BF220AE9D2E0034A710 /* SDWebImageManager.m in Sources */ = {isa = PBXBuildFile; fileRef = 4CA69BE720AE9D2D0034A710 /* SDWebImageManager.m */; settings = {COMPILER_FLAGS = "-fno-objc-arc"; }; };
		4CA69BF320AE9D2E0034A710 /* UIImageView+WebCache.m in Sources */ = {isa = PBXBuildFile; fileRef = 4CA69BEB20AE9D2D0034A710 /* UIImageView+WebCache.m */; settings = {COMPILER_FLAGS = "-fno-objc-arc"; }; };
		4CA69BF420AE9D2E0034A710 /* SDImageCache.m in Sources */ = {isa = PBXBuildFile; fileRef = 4CA69BEC20AE9D2D0034A710 /* SDImageCache.m */; settings = {COMPILER_FLAGS = "-fno-objc-arc"; }; };
		4CA69BF520AE9D2E0034A710 /* README.md in Resources */ = {isa = PBXBuildFile; fileRef = 4CA69BED20AE9D2D0034A710 /* README.md */; };
		4CA69BF620AE9D2E0034A710 /* SDWebImageDownloader.m in Sources */ = {isa = PBXBuildFile; fileRef = 4CA69BF020AE9D2E0034A710 /* SDWebImageDownloader.m */; settings = {COMPILER_FLAGS = "-fno-objc-arc"; }; };
		4CA69BF920AE9F250034A710 /* UIKit.framework in Frameworks */ = {isa = PBXBuildFile; fileRef = 4CA69BF820AE9F250034A710 /* UIKit.framework */; };
/* End PBXBuildFile section */

/* Begin PBXFileReference section */
		4CA69BCD20AE9CE10034A710 /* SDWebImageTest.app */ = {isa = PBXFileReference; explicitFileType = wrapper.application; includeInIndex = 0; path = SDWebImageTest.app; sourceTree = BUILT_PRODUCTS_DIR; };
		4CA69BD020AE9CE10034A710 /* AppDelegate.h */ = {isa = PBXFileReference; lastKnownFileType = sourcecode.c.h; path = AppDelegate.h; sourceTree = "<group>"; };
		4CA69BD120AE9CE10034A710 /* AppDelegate.m */ = {isa = PBXFileReference; lastKnownFileType = sourcecode.c.objc; path = AppDelegate.m; sourceTree = "<group>"; };
		4CA69BD320AE9CE10034A710 /* ViewController.h */ = {isa = PBXFileReference; lastKnownFileType = sourcecode.c.h; path = ViewController.h; sourceTree = "<group>"; };
		4CA69BD420AE9CE10034A710 /* ViewController.m */ = {isa = PBXFileReference; lastKnownFileType = sourcecode.c.objc; path = ViewController.m; sourceTree = "<group>"; };
		4CA69BD720AE9CE10034A710 /* Base */ = {isa = PBXFileReference; lastKnownFileType = file.storyboard; name = Base; path = Base.lproj/Main.storyboard; sourceTree = "<group>"; };
		4CA69BD920AE9CE10034A710 /* Assets.xcassets */ = {isa = PBXFileReference; lastKnownFileType = folder.assetcatalog; path = Assets.xcassets; sourceTree = "<group>"; };
		4CA69BDC20AE9CE10034A710 /* Base */ = {isa = PBXFileReference; lastKnownFileType = file.storyboard; name = Base; path = Base.lproj/LaunchScreen.storyboard; sourceTree = "<group>"; };
		4CA69BDE20AE9CE10034A710 /* Info.plist */ = {isa = PBXFileReference; lastKnownFileType = text.plist.xml; path = Info.plist; sourceTree = "<group>"; };
		4CA69BDF20AE9CE10034A710 /* main.m */ = {isa = PBXFileReference; lastKnownFileType = sourcecode.c.objc; path = main.m; sourceTree = "<group>"; };
		4CA69BE720AE9D2D0034A710 /* SDWebImageManager.m */ = {isa = PBXFileReference; fileEncoding = 4; lastKnownFileType = sourcecode.c.objc; path = SDWebImageManager.m; sourceTree = "<group>"; };
		4CA69BE820AE9D2D0034A710 /* SDWebImageManagerDelegate.h */ = {isa = PBXFileReference; fileEncoding = 4; lastKnownFileType = sourcecode.c.h; path = SDWebImageManagerDelegate.h; sourceTree = "<group>"; };
		4CA69BE920AE9D2D0034A710 /* SDWebImageDownloaderDelegate.h */ = {isa = PBXFileReference; fileEncoding = 4; lastKnownFileType = sourcecode.c.h; path = SDWebImageDownloaderDelegate.h; sourceTree = "<group>"; };
		4CA69BEA20AE9D2D0034A710 /* UIImageView+WebCache.h */ = {isa = PBXFileReference; fileEncoding = 4; lastKnownFileType = sourcecode.c.h; path = "UIImageView+WebCache.h"; sourceTree = "<group>"; };
		4CA69BEB20AE9D2D0034A710 /* UIImageView+WebCache.m */ = {isa = PBXFileReference; fileEncoding = 4; lastKnownFileType = sourcecode.c.objc; path = "UIImageView+WebCache.m"; sourceTree = "<group>"; };
		4CA69BEC20AE9D2D0034A710 /* SDImageCache.m */ = {isa = PBXFileReference; fileEncoding = 4; lastKnownFileType = sourcecode.c.objc; path = SDImageCache.m; sourceTree = "<group>"; };
		4CA69BED20AE9D2D0034A710 /* README.md */ = {isa = PBXFileReference; fileEncoding = 4; lastKnownFileType = net.daringfireball.markdown; path = README.md; sourceTree = "<group>"; };
		4CA69BEE20AE9D2D0034A710 /* SDImageCache.h */ = {isa = PBXFileReference; fileEncoding = 4; lastKnownFileType = sourcecode.c.h; path = SDImageCache.h; sourceTree = "<group>"; };
		4CA69BEF20AE9D2E0034A710 /* SDWebImageDownloader.h */ = {isa = PBXFileReference; fileEncoding = 4; lastKnownFileType = sourcecode.c.h; path = SDWebImageDownloader.h; sourceTree = "<group>"; };
		4CA69BF020AE9D2E0034A710 /* SDWebImageDownloader.m */ = {isa = PBXFileReference; fileEncoding = 4; lastKnownFileType = sourcecode.c.objc; path = SDWebImageDownloader.m; sourceTree = "<group>"; };
		4CA69BF120AE9D2E0034A710 /* SDWebImageManager.h */ = {isa = PBXFileReference; fileEncoding = 4; lastKnownFileType = sourcecode.c.h; path = SDWebImageManager.h; sourceTree = "<group>"; };
		4CA69BF820AE9F250034A710 /* UIKit.framework */ = {isa = PBXFileReference; lastKnownFileType = wrapper.framework; name = UIKit.framework; path = System/Library/Frameworks/UIKit.framework; sourceTree = SDKROOT; };
/* End PBXFileReference section */

/* Begin PBXFrameworksBuildPhase section */
		4CA69BCA20AE9CE10034A710 /* Frameworks */ = {
			isa = PBXFrameworksBuildPhase;
			buildActionMask = 2147483647;
			files = (
				4CA69BF920AE9F250034A710 /* UIKit.framework in Frameworks */,
			);
			runOnlyForDeploymentPostprocessing = 0;
		};
/* End PBXFrameworksBuildPhase section */

/* Begin PBXGroup section */
		4CA69BC420AE9CE10034A710 = {
			isa = PBXGroup;
			children = (
				4CA69BE620AE9CF80034A710 /* SDWebImage1.0.0 */,
				4CA69BCF20AE9CE10034A710 /* SDWebImageTest */,
				4CA69BCE20AE9CE10034A710 /* Products */,
				4CA69BF720AE9F250034A710 /* Frameworks */,
			);
			sourceTree = "<group>";
		};
		4CA69BCE20AE9CE10034A710 /* Products */ = {
			isa = PBXGroup;
			children = (
				4CA69BCD20AE9CE10034A710 /* SDWebImageTest.app */,
			);
			name = Products;
			sourceTree = "<group>";
		};
		4CA69BCF20AE9CE10034A710 /* SDWebImageTest */ = {
			isa = PBXGroup;
			children = (
				4CA69BD020AE9CE10034A710 /* AppDelegate.h */,
				4CA69BD120AE9CE10034A710 /* AppDelegate.m */,
				4CA69BD320AE9CE10034A710 /* ViewController.h */,
				4CA69BD420AE9CE10034A710 /* ViewController.m */,
				4CA69BD620AE9CE10034A710 /* Main.storyboard */,
				4CA69BD920AE9CE10034A710 /* Assets.xcassets */,
				4CA69BDB20AE9CE10034A710 /* LaunchScreen.storyboard */,
				4CA69BDE20AE9CE10034A710 /* Info.plist */,
				4CA69BDF20AE9CE10034A710 /* main.m */,
			);
			path = SDWebImageTest;
			sourceTree = "<group>";
		};
		4CA69BE620AE9CF80034A710 /* SDWebImage1.0.0 */ = {
			isa = PBXGroup;
			children = (
				4CA69BED20AE9D2D0034A710 /* README.md */,
				4CA69BEE20AE9D2D0034A710 /* SDImageCache.h */,
				4CA69BEC20AE9D2D0034A710 /* SDImageCache.m */,
				4CA69BEF20AE9D2E0034A710 /* SDWebImageDownloader.h */,
				4CA69BF020AE9D2E0034A710 /* SDWebImageDownloader.m */,
				4CA69BE920AE9D2D0034A710 /* SDWebImageDownloaderDelegate.h */,
				4CA69BF120AE9D2E0034A710 /* SDWebImageManager.h */,
				4CA69BE720AE9D2D0034A710 /* SDWebImageManager.m */,
				4CA69BE820AE9D2D0034A710 /* SDWebImageManagerDelegate.h */,
				4CA69BEA20AE9D2D0034A710 /* UIImageView+WebCache.h */,
				4CA69BEB20AE9D2D0034A710 /* UIImageView+WebCache.m */,
			);
			path = SDWebImage1.0.0;
			sourceTree = "<group>";
		};
		4CA69BF720AE9F250034A710 /* Frameworks */ = {
			isa = PBXGroup;
			children = (
				4CA69BF820AE9F250034A710 /* UIKit.framework */,
			);
			name = Frameworks;
			sourceTree = "<group>";
		};
/* End PBXGroup section */

/* Begin PBXNativeTarget section */
		4CA69BCC20AE9CE10034A710 /* SDWebImageTest */ = {
			isa = PBXNativeTarget;
			buildConfigurationList = 4CA69BE320AE9CE10034A710 /* Build configuration list for PBXNativeTarget "SDWebImageTest" */;
			buildPhases = (
				4CA69BC920AE9CE10034A710 /* Sources */,
				4CA69BCA20AE9CE10034A710 /* Frameworks */,
				4CA69BCB20AE9CE10034A710 /* Resources */,
			);
			buildRules = (
			);
			dependencies = (
			);
			name = SDWebImageTest;
			productName = SDWebImageTest;
			productReference = 4CA69BCD20AE9CE10034A710 /* SDWebImageTest.app */;
			productType = "com.apple.product-type.application";
		};
/* End PBXNativeTarget section */

/* Begin PBXProject section */
		4CA69BC520AE9CE10034A710 /* Project object */ = {
			isa = PBXProject;
			attributes = {
				LastUpgradeCheck = 0920;
				ORGANIZATIONNAME = ZhongYi;
				TargetAttributes = {
					4CA69BCC20AE9CE10034A710 = {
						CreatedOnToolsVersion = 9.2;
						ProvisioningStyle = Manual;
					};
				};
			};
			buildConfigurationList = 4CA69BC820AE9CE10034A710 /* Build configuration list for PBXProject "SDWebImageTest" */;
			compatibilityVersion = "Xcode 8.0";
			developmentRegion = en;
			hasScannedForEncodings = 0;
			knownRegions = (
				en,
				Base,
			);
			mainGroup = 4CA69BC420AE9CE10034A710;
			productRefGroup = 4CA69BCE20AE9CE10034A710 /* Products */;
			projectDirPath = "";
			projectRoot = "";
			targets = (
				4CA69BCC20AE9CE10034A710 /* SDWebImageTest */,
			);
		};
/* End PBXProject section */

/* Begin PBXResourcesBuildPhase section */
		4CA69BCB20AE9CE10034A710 /* Resources */ = {
			isa = PBXResourcesBuildPhase;
			buildActionMask = 2147483647;
			files = (
				4CA69BDD20AE9CE10034A710 /* LaunchScreen.storyboard in Resources */,
				4CA69BDA20AE9CE10034A710 /* Assets.xcassets in Resources */,
				4CA69BF520AE9D2E0034A710 /* README.md in Resources */,
				4CA69BD820AE9CE10034A710 /* Main.storyboard in Resources */,
			);
			runOnlyForDeploymentPostprocessing = 0;
		};
/* End PBXResourcesBuildPhase section */

/* Begin PBXSourcesBuildPhase section */
		4CA69BC920AE9CE10034A710 /* Sources */ = {
			isa = PBXSourcesBuildPhase;
			buildActionMask = 2147483647;
			files = (
				4CA69BD520AE9CE10034A710 /* ViewController.m in Sources */,
				4CA69BF420AE9D2E0034A710 /* SDImageCache.m in Sources */,
				4CA69BF220AE9D2E0034A710 /* SDWebImageManager.m in Sources */,
				4CA69BF320AE9D2E0034A710 /* UIImageView+WebCache.m in Sources */,
				4CA69BE020AE9CE10034A710 /* main.m in Sources */,
				4CA69BF620AE9D2E0034A710 /* SDWebImageDownloader.m in Sources */,
				4CA69BD220AE9CE10034A710 /* AppDelegate.m in Sources */,
			);
			runOnlyForDeploymentPostprocessing = 0;
		};
/* End PBXSourcesBuildPhase section */

/* Begin PBXVariantGroup section */
		4CA69BD620AE9CE10034A710 /* Main.storyboard */ = {
			isa = PBXVariantGroup;
			children = (
				4CA69BD720AE9CE10034A710 /* Base */,
			);
			name = Main.storyboard;
			sourceTree = "<group>";
		};
		4CA69BDB20AE9CE10034A710 /* LaunchScreen.storyboard */ = {
			isa = PBXVariantGroup;
			children = (
				4CA69BDC20AE9CE10034A710 /* Base */,
			);
			name = LaunchScreen.storyboard;
			sourceTree = "<group>";
		};
/* End PBXVariantGroup section */

/* Begin XCBuildConfiguration section */
		4CA69BE120AE9CE10034A710 /* Debug */ = {
			isa = XCBuildConfiguration;
			buildSettings = {
				ALWAYS_SEARCH_USER_PATHS = NO;
				CLANG_ANALYZER_NONNULL = YES;
				CLANG_ANALYZER_NUMBER_OBJECT_CONVERSION = YES_AGGRESSIVE;
				CLANG_CXX_LANGUAGE_STANDARD = "gnu++14";
				CLANG_CXX_LIBRARY = "libc++";
				CLANG_ENABLE_MODULES = YES;
				CLANG_ENABLE_OBJC_ARC = YES;
				CLANG_WARN_BLOCK_CAPTURE_AUTORELEASING = YES;
				CLANG_WARN_BOOL_CONVERSION = YES;
				CLANG_WARN_COMMA = YES;
				CLANG_WARN_CONSTANT_CONVERSION = YES;
				CLANG_WARN_DIRECT_OBJC_ISA_USAGE = YES_ERROR;
				CLANG_WARN_DOCUMENTATION_COMMENTS = YES;
				CLANG_WARN_EMPTY_BODY = YES;
				CLANG_WARN_ENUM_CONVERSION = YES;
				CLANG_WARN_INFINITE_RECURSION = YES;
				CLANG_WARN_INT_CONVERSION = YES;
				CLANG_WARN_NON_LITERAL_NULL_CONVERSION = YES;
				CLANG_WARN_OBJC_LITERAL_CONVERSION = YES;
				CLANG_WARN_OBJC_ROOT_CLASS = YES_ERROR;
				CLANG_WARN_RANGE_LOOP_ANALYSIS = YES;
				CLANG_WARN_STRICT_PROTOTYPES = YES;
				CLANG_WARN_SUSPICIOUS_MOVE = YES;
				CLANG_WARN_UNGUARDED_AVAILABILITY = YES_AGGRESSIVE;
				CLANG_WARN_UNREACHABLE_CODE = YES;
				CLANG_WARN__DUPLICATE_METHOD_MATCH = YES;
				CODE_SIGN_IDENTITY = "iPhone Developer";
				COPY_PHASE_STRIP = NO;
				DEBUG_INFORMATION_FORMAT = dwarf;
				ENABLE_STRICT_OBJC_MSGSEND = YES;
				ENABLE_TESTABILITY = YES;
				GCC_C_LANGUAGE_STANDARD = gnu11;
				GCC_DYNAMIC_NO_PIC = NO;
				GCC_NO_COMMON_BLOCKS = YES;
				GCC_OPTIMIZATION_LEVEL = 0;
				GCC_PREPROCESSOR_DEFINITIONS = (
					"DEBUG=1",
					"$(inherited)",
				);
				GCC_WARN_64_TO_32_BIT_CONVERSION = YES;
				GCC_WARN_ABOUT_RETURN_TYPE = YES_ERROR;
				GCC_WARN_UNDECLARED_SELECTOR = YES;
				GCC_WARN_UNINITIALIZED_AUTOS = YES_AGGRESSIVE;
				GCC_WARN_UNUSED_FUNCTION = YES;
				GCC_WARN_UNUSED_VARIABLE = YES;
				IPHONEOS_DEPLOYMENT_TARGET = 11.2;
				MTL_ENABLE_DEBUG_INFO = YES;
				ONLY_ACTIVE_ARCH = YES;
				SDKROOT = iphoneos;
			};
			name = Debug;
		};
		4CA69BE220AE9CE10034A710 /* Release */ = {
			isa = XCBuildConfiguration;
			buildSettings = {
				ALWAYS_SEARCH_USER_PATHS = NO;
				CLANG_ANALYZER_NONNULL = YES;
				CLANG_ANALYZER_NUMBER_OBJECT_CONVERSION = YES_AGGRESSIVE;
				CLANG_CXX_LANGUAGE_STANDARD = "gnu++14";
				CLANG_CXX_LIBRARY = "libc++";
				CLANG_ENABLE_MODULES = YES;
				CLANG_ENABLE_OBJC_ARC = YES;
				CLANG_WARN_BLOCK_CAPTURE_AUTORELEASING = YES;
				CLANG_WARN_BOOL_CONVERSION = YES;
				CLANG_WARN_COMMA = YES;
				CLANG_WARN_CONSTANT_CONVERSION = YES;
				CLANG_WARN_DIRECT_OBJC_ISA_USAGE = YES_ERROR;
				CLANG_WARN_DOCUMENTATION_COMMENTS = YES;
				CLANG_WARN_EMPTY_BODY = YES;
				CLANG_WARN_ENUM_CONVERSION = YES;
				CLANG_WARN_INFINITE_RECURSION = YES;
				CLANG_WARN_INT_CONVERSION = YES;
				CLANG_WARN_NON_LITERAL_NULL_CONVERSION = YES;
				CLANG_WARN_OBJC_LITERAL_CONVERSION = YES;
				CLANG_WARN_OBJC_ROOT_CLASS = YES_ERROR;
				CLANG_WARN_RANGE_LOOP_ANALYSIS = YES;
				CLANG_WARN_STRICT_PROTOTYPES = YES;
				CLANG_WARN_SUSPICIOUS_MOVE = YES;
				CLANG_WARN_UNGUARDED_AVAILABILITY = YES_AGGRESSIVE;
				CLANG_WARN_UNREACHABLE_CODE = YES;
				CLANG_WARN__DUPLICATE_METHOD_MATCH = YES;
				CODE_SIGN_IDENTITY = "iPhone Developer";
				COPY_PHASE_STRIP = NO;
				DEBUG_INFORMATION_FORMAT = "dwarf-with-dsym";
				ENABLE_NS_ASSERTIONS = NO;
				ENABLE_STRICT_OBJC_MSGSEND = YES;
				GCC_C_LANGUAGE_STANDARD = gnu11;
				GCC_NO_COMMON_BLOCKS = YES;
				GCC_WARN_64_TO_32_BIT_CONVERSION = YES;
				GCC_WARN_ABOUT_RETURN_TYPE = YES_ERROR;
				GCC_WARN_UNDECLARED_SELECTOR = YES;
				GCC_WARN_UNINITIALIZED_AUTOS = YES_AGGRESSIVE;
				GCC_WARN_UNUSED_FUNCTION = YES;
				GCC_WARN_UNUSED_VARIABLE = YES;
				IPHONEOS_DEPLOYMENT_TARGET = 11.2;
				MTL_ENABLE_DEBUG_INFO = NO;
				SDKROOT = iphoneos;
				VALIDATE_PRODUCT = YES;
			};
			name = Release;
		};
		4CA69BE420AE9CE10034A710 /* Debug */ = {
			isa = XCBuildConfiguration;
			buildSettings = {
				ASSETCATALOG_COMPILER_APPICON_NAME = AppIcon;
				CODE_SIGN_STYLE = Manual;
				DEVELOPMENT_TEAM = 66PR3647A7;
				INFOPLIST_FILE = SDWebImageTest/Info.plist;
				IPHONEOS_DEPLOYMENT_TARGET = 10.0;
				LD_RUNPATH_SEARCH_PATHS = "$(inherited) @executable_path/Frameworks";
				PRODUCT_BUNDLE_IDENTIFIER = com.shcmct.wmoa.SDWebImageTest;
				PRODUCT_NAME = "$(TARGET_NAME)";
				PROVISIONING_PROFILE = "2d566f91-3be4-4151-a82e-34dce9ed3d79";
				PROVISIONING_PROFILE_SPECIFIER = MOA_Test_profile;
				TARGETED_DEVICE_FAMILY = 1;
			};
			name = Debug;
		};
		4CA69BE520AE9CE10034A710 /* Release */ = {
			isa = XCBuildConfiguration;
			buildSettings = {
				ASSETCATALOG_COMPILER_APPICON_NAME = AppIcon;
				CODE_SIGN_STYLE = Manual;
				DEVELOPMENT_TEAM = 66PR3647A7;
				INFOPLIST_FILE = SDWebImageTest/Info.plist;
				IPHONEOS_DEPLOYMENT_TARGET = 10.0;
				LD_RUNPATH_SEARCH_PATHS = "$(inherited) @executable_path/Frameworks";
				PRODUCT_BUNDLE_IDENTIFIER = com.shcmct.wmoa.SDWebImageTest;
				PRODUCT_NAME = "$(TARGET_NAME)";
				PROVISIONING_PROFILE = "2d566f91-3be4-4151-a82e-34dce9ed3d79";
				PROVISIONING_PROFILE_SPECIFIER = MOA_Test_profile;
				TARGETED_DEVICE_FAMILY = 1;
			};
			name = Release;
		};
/* End XCBuildConfiguration section */

/* Begin XCConfigurationList section */
		4CA69BC820AE9CE10034A710 /* Build configuration list for PBXProject "SDWebImageTest" */ = {
			isa = XCConfigurationList;
			buildConfigurations = (
				4CA69BE120AE9CE10034A710 /* Debug */,
				4CA69BE220AE9CE10034A710 /* Release */,
			);
			defaultConfigurationIsVisible = 0;
			defaultConfigurationName = Release;
		};
		4CA69BE320AE9CE10034A710 /* Build configuration list for PBXNativeTarget "SDWebImageTest" */ = {
			isa = XCConfigurationList;
			buildConfigurations = (
				4CA69BE420AE9CE10034A710 /* Debug */,
				4CA69BE520AE9CE10034A710 /* Release */,
			);
			defaultConfigurationIsVisible = 0;
			defaultConfigurationName = Release;
		};
/* End XCConfigurationList section */
	};
	rootObject = 4CA69BC520AE9CE10034A710 /* Project object */;
}
